// !$*UTF8*$!
{
	archiveVersion = 1;
	classes = {
	};
	objectVersion = 46;
	objects = {

/* Begin PBXBuildFile section */
		2C7CFB443527243C47B0279F /* libPods.a in Frameworks */ = {isa = PBXBuildFile; fileRef = 7AFE2C9D909563258DFF3198 /* libPods.a */; };
		ED06DC271B3F62E800100331 /* main.m in Sources */ = {isa = PBXBuildFile; fileRef = ED06DC261B3F62E800100331 /* main.m */; };
		ED06DC2A1B3F62E800100331 /* AppDelegate.m in Sources */ = {isa = PBXBuildFile; fileRef = ED06DC291B3F62E800100331 /* AppDelegate.m */; };
		ED06DC301B3F62E800100331 /* Main.storyboard in Resources */ = {isa = PBXBuildFile; fileRef = ED06DC2E1B3F62E800100331 /* Main.storyboard */; };
		ED06DC321B3F62E800100331 /* Images.xcassets in Resources */ = {isa = PBXBuildFile; fileRef = ED06DC311B3F62E800100331 /* Images.xcassets */; };
		ED06DC351B3F62E800100331 /* LaunchScreen.xib in Resources */ = {isa = PBXBuildFile; fileRef = ED06DC331B3F62E800100331 /* LaunchScreen.xib */; };
		ED06DC411B3F62E800100331 /* RepleteTests.m in Sources */ = {isa = PBXBuildFile; fileRef = ED06DC401B3F62E800100331 /* RepleteTests.m */; };
		ED93310C1B4013F0004B09FD /* ReplViewController.swift in Sources */ = {isa = PBXBuildFile; fileRef = ED93310B1B4013F0004B09FD /* ReplViewController.swift */; };
		ED93310F1B401411004B09FD /* HistoryTableViewCell.swift in Sources */ = {isa = PBXBuildFile; fileRef = ED93310D1B401411004B09FD /* HistoryTableViewCell.swift */; };
		ED9331131B40151A004B09FD /* History.swift in Sources */ = {isa = PBXBuildFile; fileRef = ED9331111B40151A004B09FD /* History.swift */; };
		ED9331141B40151A004B09FD /* Message.swift in Sources */ = {isa = PBXBuildFile; fileRef = ED9331121B40151A004B09FD /* Message.swift */; };
		EDE7D6CB1B3F79AB00710B50 /* out in Resources */ = {isa = PBXBuildFile; fileRef = EDE7D6CA1B3F79AB00710B50 /* out */; };
/* End PBXBuildFile section */

/* Begin PBXContainerItemProxy section */
		ED06DC3B1B3F62E800100331 /* PBXContainerItemProxy */ = {
			isa = PBXContainerItemProxy;
			containerPortal = ED06DC191B3F62E800100331 /* Project object */;
			proxyType = 1;
			remoteGlobalIDString = ED06DC201B3F62E800100331;
			remoteInfo = Replete;
		};
/* End PBXContainerItemProxy section */

/* Begin PBXFileReference section */
		20A0AE708C7C3592BDE9E85C /* Pods.release.xcconfig */ = {isa = PBXFileReference; includeInIndex = 1; lastKnownFileType = text.xcconfig; name = Pods.release.xcconfig; path = "Pods/Target Support Files/Pods/Pods.release.xcconfig"; sourceTree = "<group>"; };
		481651E85E5AA77D6C273322 /* Pods.debug.xcconfig */ = {isa = PBXFileReference; includeInIndex = 1; lastKnownFileType = text.xcconfig; name = Pods.debug.xcconfig; path = "Pods/Target Support Files/Pods/Pods.debug.xcconfig"; sourceTree = "<group>"; };
		7AFE2C9D909563258DFF3198 /* libPods.a */ = {isa = PBXFileReference; explicitFileType = archive.ar; includeInIndex = 0; path = libPods.a; sourceTree = BUILT_PRODUCTS_DIR; };
		ED06DC211B3F62E800100331 /* Replete.app */ = {isa = PBXFileReference; explicitFileType = wrapper.application; includeInIndex = 0; path = Replete.app; sourceTree = BUILT_PRODUCTS_DIR; };
		ED06DC251B3F62E800100331 /* Info.plist */ = {isa = PBXFileReference; lastKnownFileType = text.plist.xml; path = Info.plist; sourceTree = "<group>"; };
		ED06DC261B3F62E800100331 /* main.m */ = {isa = PBXFileReference; lastKnownFileType = sourcecode.c.objc; path = main.m; sourceTree = "<group>"; };
		ED06DC281B3F62E800100331 /* AppDelegate.h */ = {isa = PBXFileReference; lastKnownFileType = sourcecode.c.h; path = AppDelegate.h; sourceTree = "<group>"; };
		ED06DC291B3F62E800100331 /* AppDelegate.m */ = {isa = PBXFileReference; lastKnownFileType = sourcecode.c.objc; path = AppDelegate.m; sourceTree = "<group>"; };
		ED06DC2F1B3F62E800100331 /* Base */ = {isa = PBXFileReference; lastKnownFileType = file.storyboard; name = Base; path = Base.lproj/Main.storyboard; sourceTree = "<group>"; };
		ED06DC311B3F62E800100331 /* Images.xcassets */ = {isa = PBXFileReference; lastKnownFileType = folder.assetcatalog; path = Images.xcassets; sourceTree = "<group>"; };
		ED06DC341B3F62E800100331 /* Base */ = {isa = PBXFileReference; lastKnownFileType = file.xib; name = Base; path = Base.lproj/LaunchScreen.xib; sourceTree = "<group>"; };
		ED06DC3A1B3F62E800100331 /* RepleteTests.xctest */ = {isa = PBXFileReference; explicitFileType = wrapper.cfbundle; includeInIndex = 0; path = RepleteTests.xctest; sourceTree = BUILT_PRODUCTS_DIR; };
		ED06DC3F1B3F62E800100331 /* Info.plist */ = {isa = PBXFileReference; lastKnownFileType = text.plist.xml; path = Info.plist; sourceTree = "<group>"; };
		ED06DC401B3F62E800100331 /* RepleteTests.m */ = {isa = PBXFileReference; lastKnownFileType = sourcecode.c.objc; path = RepleteTests.m; sourceTree = "<group>"; };
		ED93310A1B4013EF004B09FD /* Replete-Bridging-Header.h */ = {isa = PBXFileReference; lastKnownFileType = sourcecode.c.h; path = "Replete-Bridging-Header.h"; sourceTree = "<group>"; };
		ED93310B1B4013F0004B09FD /* ReplViewController.swift */ = {isa = PBXFileReference; fileEncoding = 4; lastKnownFileType = sourcecode.swift; path = ReplViewController.swift; sourceTree = "<group>"; };
		ED93310D1B401411004B09FD /* HistoryTableViewCell.swift */ = {isa = PBXFileReference; fileEncoding = 4; lastKnownFileType = sourcecode.swift; path = HistoryTableViewCell.swift; sourceTree = "<group>"; };
		ED9331111B40151A004B09FD /* History.swift */ = {isa = PBXFileReference; fileEncoding = 4; lastKnownFileType = sourcecode.swift; path = History.swift; sourceTree = "<group>"; };
		ED9331121B40151A004B09FD /* Message.swift */ = {isa = PBXFileReference; fileEncoding = 4; lastKnownFileType = sourcecode.swift; path = Message.swift; sourceTree = "<group>"; };
		EDE7D6CA1B3F79AB00710B50 /* out */ = {isa = PBXFileReference; lastKnownFileType = folder; name = out; path = ClojureScript/replete/out; sourceTree = SOURCE_ROOT; };
/* End PBXFileReference section */

/* Begin PBXFrameworksBuildPhase section */
		ED06DC1E1B3F62E800100331 /* Frameworks */ = {
			isa = PBXFrameworksBuildPhase;
			buildActionMask = 2147483647;
			files = (
				2C7CFB443527243C47B0279F /* libPods.a in Frameworks */,
			);
			runOnlyForDeploymentPostprocessing = 0;
		};
		ED06DC371B3F62E800100331 /* Frameworks */ = {
			isa = PBXFrameworksBuildPhase;
			buildActionMask = 2147483647;
			files = (
			);
			runOnlyForDeploymentPostprocessing = 0;
		};
/* End PBXFrameworksBuildPhase section */

/* Begin PBXGroup section */
		7073B62703BF8CC6DE92D9DD /* Pods */ = {
			isa = PBXGroup;
			children = (
				481651E85E5AA77D6C273322 /* Pods.debug.xcconfig */,
				20A0AE708C7C3592BDE9E85C /* Pods.release.xcconfig */,
			);
			name = Pods;
			sourceTree = "<group>";
		};
		DB41BF681DBA15DC413E7F47 /* Frameworks */ = {
			isa = PBXGroup;
			children = (
				7AFE2C9D909563258DFF3198 /* libPods.a */,
			);
			name = Frameworks;
			sourceTree = "<group>";
		};
		ED06DC181B3F62E800100331 = {
			isa = PBXGroup;
			children = (
				ED06DC231B3F62E800100331 /* Replete */,
				ED06DC3D1B3F62E800100331 /* RepleteTests */,
				ED06DC221B3F62E800100331 /* Products */,
				7073B62703BF8CC6DE92D9DD /* Pods */,
				DB41BF681DBA15DC413E7F47 /* Frameworks */,
			);
			sourceTree = "<group>";
		};
		ED06DC221B3F62E800100331 /* Products */ = {
			isa = PBXGroup;
			children = (
				ED06DC211B3F62E800100331 /* Replete.app */,
				ED06DC3A1B3F62E800100331 /* RepleteTests.xctest */,
			);
			name = Products;
			sourceTree = "<group>";
		};
		ED06DC231B3F62E800100331 /* Replete */ = {
			isa = PBXGroup;
			children = (
				EDE7D6CA1B3F79AB00710B50 /* out */,
				ED06DC281B3F62E800100331 /* AppDelegate.h */,
				ED06DC291B3F62E800100331 /* AppDelegate.m */,
				ED93310B1B4013F0004B09FD /* ReplViewController.swift */,
				ED93310D1B401411004B09FD /* HistoryTableViewCell.swift */,
				ED9331111B40151A004B09FD /* History.swift */,
				ED9331121B40151A004B09FD /* Message.swift */,
				ED06DC2E1B3F62E800100331 /* Main.storyboard */,
				ED06DC311B3F62E800100331 /* Images.xcassets */,
				ED06DC331B3F62E800100331 /* LaunchScreen.xib */,
				ED06DC241B3F62E800100331 /* Supporting Files */,
				ED93310A1B4013EF004B09FD /* Replete-Bridging-Header.h */,
			);
			path = Replete;
			sourceTree = "<group>";
		};
		ED06DC241B3F62E800100331 /* Supporting Files */ = {
			isa = PBXGroup;
			children = (
				ED06DC251B3F62E800100331 /* Info.plist */,
				ED06DC261B3F62E800100331 /* main.m */,
			);
			name = "Supporting Files";
			sourceTree = "<group>";
		};
		ED06DC3D1B3F62E800100331 /* RepleteTests */ = {
			isa = PBXGroup;
			children = (
				ED06DC401B3F62E800100331 /* RepleteTests.m */,
				ED06DC3E1B3F62E800100331 /* Supporting Files */,
			);
			path = RepleteTests;
			sourceTree = "<group>";
		};
		ED06DC3E1B3F62E800100331 /* Supporting Files */ = {
			isa = PBXGroup;
			children = (
				ED06DC3F1B3F62E800100331 /* Info.plist */,
			);
			name = "Supporting Files";
			sourceTree = "<group>";
		};
/* End PBXGroup section */

/* Begin PBXNativeTarget section */
		ED06DC201B3F62E800100331 /* Replete */ = {
			isa = PBXNativeTarget;
			buildConfigurationList = ED06DC441B3F62E800100331 /* Build configuration list for PBXNativeTarget "Replete" */;
			buildPhases = (
				2AF877179F9861D26AD89236 /* Check Pods Manifest.lock */,
				ED06DC1D1B3F62E800100331 /* Sources */,
				ED06DC1E1B3F62E800100331 /* Frameworks */,
				ED06DC1F1B3F62E800100331 /* Resources */,
				33F68F892FA091C7A22FA557 /* Copy Pods Resources */,
			);
			buildRules = (
			);
			dependencies = (
			);
			name = Replete;
			productName = Replete;
			productReference = ED06DC211B3F62E800100331 /* Replete.app */;
			productType = "com.apple.product-type.application";
		};
		ED06DC391B3F62E800100331 /* RepleteTests */ = {
			isa = PBXNativeTarget;
			buildConfigurationList = ED06DC471B3F62E800100331 /* Build configuration list for PBXNativeTarget "RepleteTests" */;
			buildPhases = (
				ED06DC361B3F62E800100331 /* Sources */,
				ED06DC371B3F62E800100331 /* Frameworks */,
				ED06DC381B3F62E800100331 /* Resources */,
			);
			buildRules = (
			);
			dependencies = (
				ED06DC3C1B3F62E800100331 /* PBXTargetDependency */,
			);
			name = RepleteTests;
			productName = RepleteTests;
			productReference = ED06DC3A1B3F62E800100331 /* RepleteTests.xctest */;
			productType = "com.apple.product-type.bundle.unit-test";
		};
/* End PBXNativeTarget section */

/* Begin PBXProject section */
		ED06DC191B3F62E800100331 /* Project object */ = {
			isa = PBXProject;
			attributes = {
				LastUpgradeCheck = 0630;
				ORGANIZATIONNAME = FikesFarm;
				TargetAttributes = {
					ED06DC201B3F62E800100331 = {
						CreatedOnToolsVersion = 6.3.2;
					};
					ED06DC391B3F62E800100331 = {
						CreatedOnToolsVersion = 6.3.2;
						TestTargetID = ED06DC201B3F62E800100331;
					};
				};
			};
			buildConfigurationList = ED06DC1C1B3F62E800100331 /* Build configuration list for PBXProject "Replete" */;
			compatibilityVersion = "Xcode 3.2";
			developmentRegion = English;
			hasScannedForEncodings = 0;
			knownRegions = (
				en,
				Base,
			);
			mainGroup = ED06DC181B3F62E800100331;
			productRefGroup = ED06DC221B3F62E800100331 /* Products */;
			projectDirPath = "";
			projectRoot = "";
			targets = (
				ED06DC201B3F62E800100331 /* Replete */,
				ED06DC391B3F62E800100331 /* RepleteTests */,
			);
		};
/* End PBXProject section */

/* Begin PBXResourcesBuildPhase section */
		ED06DC1F1B3F62E800100331 /* Resources */ = {
			isa = PBXResourcesBuildPhase;
			buildActionMask = 2147483647;
			files = (
				ED06DC301B3F62E800100331 /* Main.storyboard in Resources */,
				ED06DC351B3F62E800100331 /* LaunchScreen.xib in Resources */,
				ED06DC321B3F62E800100331 /* Images.xcassets in Resources */,
				EDE7D6CB1B3F79AB00710B50 /* out in Resources */,
			);
			runOnlyForDeploymentPostprocessing = 0;
		};
		ED06DC381B3F62E800100331 /* Resources */ = {
			isa = PBXResourcesBuildPhase;
			buildActionMask = 2147483647;
			files = (
			);
			runOnlyForDeploymentPostprocessing = 0;
		};
/* End PBXResourcesBuildPhase section */

/* Begin PBXShellScriptBuildPhase section */
		2AF877179F9861D26AD89236 /* Check Pods Manifest.lock */ = {
			isa = PBXShellScriptBuildPhase;
			buildActionMask = 2147483647;
			files = (
			);
			inputPaths = (
			);
			name = "Check Pods Manifest.lock";
			outputPaths = (
			);
			runOnlyForDeploymentPostprocessing = 0;
			shellPath = /bin/sh;
			shellScript = "diff \"${PODS_ROOT}/../Podfile.lock\" \"${PODS_ROOT}/Manifest.lock\" > /dev/null\nif [[ $? != 0 ]] ; then\n    cat << EOM\nerror: The sandbox is not in sync with the Podfile.lock. Run 'pod install' or update your CocoaPods installation.\nEOM\n    exit 1\nfi\n";
			showEnvVarsInLog = 0;
		};
		33F68F892FA091C7A22FA557 /* Copy Pods Resources */ = {
			isa = PBXShellScriptBuildPhase;
			buildActionMask = 2147483647;
			files = (
			);
			inputPaths = (
			);
			name = "Copy Pods Resources";
			outputPaths = (
			);
			runOnlyForDeploymentPostprocessing = 0;
			shellPath = /bin/sh;
			shellScript = "\"${SRCROOT}/Pods/Target Support Files/Pods/Pods-resources.sh\"\n";
			showEnvVarsInLog = 0;
		};
/* End PBXShellScriptBuildPhase section */

/* Begin PBXSourcesBuildPhase section */
		ED06DC1D1B3F62E800100331 /* Sources */ = {
			isa = PBXSourcesBuildPhase;
			buildActionMask = 2147483647;
			files = (
				ED93310F1B401411004B09FD /* HistoryTableViewCell.swift in Sources */,
				ED9331131B40151A004B09FD /* History.swift in Sources */,
				ED93310C1B4013F0004B09FD /* ReplViewController.swift in Sources */,
				ED06DC2A1B3F62E800100331 /* AppDelegate.m in Sources */,
				ED9331141B40151A004B09FD /* Message.swift in Sources */,
				ED06DC271B3F62E800100331 /* main.m in Sources */,
			);
			runOnlyForDeploymentPostprocessing = 0;
		};
		ED06DC361B3F62E800100331 /* Sources */ = {
			isa = PBXSourcesBuildPhase;
			buildActionMask = 2147483647;
			files = (
				ED06DC411B3F62E800100331 /* RepleteTests.m in Sources */,
			);
			runOnlyForDeploymentPostprocessing = 0;
		};
/* End PBXSourcesBuildPhase section */

/* Begin PBXTargetDependency section */
		ED06DC3C1B3F62E800100331 /* PBXTargetDependency */ = {
			isa = PBXTargetDependency;
			target = ED06DC201B3F62E800100331 /* Replete */;
			targetProxy = ED06DC3B1B3F62E800100331 /* PBXContainerItemProxy */;
		};
/* End PBXTargetDependency section */

/* Begin PBXVariantGroup section */
		ED06DC2E1B3F62E800100331 /* Main.storyboard */ = {
			isa = PBXVariantGroup;
			children = (
				ED06DC2F1B3F62E800100331 /* Base */,
			);
			name = Main.storyboard;
			sourceTree = "<group>";
		};
		ED06DC331B3F62E800100331 /* LaunchScreen.xib */ = {
			isa = PBXVariantGroup;
			children = (
				ED06DC341B3F62E800100331 /* Base */,
			);
			name = LaunchScreen.xib;
			sourceTree = "<group>";
		};
/* End PBXVariantGroup section */

/* Begin XCBuildConfiguration section */
		ED06DC421B3F62E800100331 /* Debug */ = {
			isa = XCBuildConfiguration;
			buildSettings = {
				ALWAYS_SEARCH_USER_PATHS = NO;
				CLANG_CXX_LANGUAGE_STANDARD = "gnu++0x";
				CLANG_CXX_LIBRARY = "libc++";
				CLANG_ENABLE_MODULES = YES;
				CLANG_ENABLE_OBJC_ARC = YES;
				CLANG_WARN_BOOL_CONVERSION = YES;
				CLANG_WARN_CONSTANT_CONVERSION = YES;
				CLANG_WARN_DIRECT_OBJC_ISA_USAGE = YES_ERROR;
				CLANG_WARN_EMPTY_BODY = YES;
				CLANG_WARN_ENUM_CONVERSION = YES;
				CLANG_WARN_INT_CONVERSION = YES;
				CLANG_WARN_OBJC_ROOT_CLASS = YES_ERROR;
				CLANG_WARN_UNREACHABLE_CODE = YES;
				CLANG_WARN__DUPLICATE_METHOD_MATCH = YES;
				"CODE_SIGN_IDENTITY[sdk=iphoneos*]" = "iPhone Developer";
				COPY_PHASE_STRIP = NO;
				DEBUG_INFORMATION_FORMAT = "dwarf-with-dsym";
				ENABLE_STRICT_OBJC_MSGSEND = YES;
				GCC_C_LANGUAGE_STANDARD = gnu99;
				GCC_DYNAMIC_NO_PIC = NO;
				GCC_NO_COMMON_BLOCKS = YES;
				GCC_OPTIMIZATION_LEVEL = 0;
				GCC_PREPROCESSOR_DEFINITIONS = (
					"DEBUG=1",
					"$(inherited)",
				);
				GCC_SYMBOLS_PRIVATE_EXTERN = NO;
				GCC_WARN_64_TO_32_BIT_CONVERSION = YES;
				GCC_WARN_ABOUT_RETURN_TYPE = YES_ERROR;
				GCC_WARN_UNDECLARED_SELECTOR = YES;
				GCC_WARN_UNINITIALIZED_AUTOS = YES_AGGRESSIVE;
				GCC_WARN_UNUSED_FUNCTION = YES;
				GCC_WARN_UNUSED_VARIABLE = YES;
				IPHONEOS_DEPLOYMENT_TARGET = 8.4;
				MTL_ENABLE_DEBUG_INFO = YES;
				ONLY_ACTIVE_ARCH = YES;
				SDKROOT = iphoneos;
			};
			name = Debug;
		};
		ED06DC431B3F62E800100331 /* Release */ = {
			isa = XCBuildConfiguration;
			buildSettings = {
				ALWAYS_SEARCH_USER_PATHS = NO;
				CLANG_CXX_LANGUAGE_STANDARD = "gnu++0x";
				CLANG_CXX_LIBRARY = "libc++";
				CLANG_ENABLE_MODULES = YES;
				CLANG_ENABLE_OBJC_ARC = YES;
				CLANG_WARN_BOOL_CONVERSION = YES;
				CLANG_WARN_CONSTANT_CONVERSION = YES;
				CLANG_WARN_DIRECT_OBJC_ISA_USAGE = YES_ERROR;
				CLANG_WARN_EMPTY_BODY = YES;
				CLANG_WARN_ENUM_CONVERSION = YES;
				CLANG_WARN_INT_CONVERSION = YES;
				CLANG_WARN_OBJC_ROOT_CLASS = YES_ERROR;
				CLANG_WARN_UNREACHABLE_CODE = YES;
				CLANG_WARN__DUPLICATE_METHOD_MATCH = YES;
				"CODE_SIGN_IDENTITY[sdk=iphoneos*]" = "iPhone Developer";
				COPY_PHASE_STRIP = NO;
				DEBUG_INFORMATION_FORMAT = "dwarf-with-dsym";
				ENABLE_NS_ASSERTIONS = NO;
				ENABLE_STRICT_OBJC_MSGSEND = YES;
				GCC_C_LANGUAGE_STANDARD = gnu99;
				GCC_NO_COMMON_BLOCKS = YES;
				GCC_WARN_64_TO_32_BIT_CONVERSION = YES;
				GCC_WARN_ABOUT_RETURN_TYPE = YES_ERROR;
				GCC_WARN_UNDECLARED_SELECTOR = YES;
				GCC_WARN_UNINITIALIZED_AUTOS = YES_AGGRESSIVE;
				GCC_WARN_UNUSED_FUNCTION = YES;
				GCC_WARN_UNUSED_VARIABLE = YES;
				IPHONEOS_DEPLOYMENT_TARGET = 8.4;
				MTL_ENABLE_DEBUG_INFO = NO;
				SDKROOT = iphoneos;
				VALIDATE_PRODUCT = YES;
			};
			name = Release;
		};
		ED06DC451B3F62E800100331 /* Debug */ = {
			isa = XCBuildConfiguration;
			baseConfigurationReference = 481651E85E5AA77D6C273322 /* Pods.debug.xcconfig */;
			buildSettings = {
				ASSETCATALOG_COMPILER_APPICON_NAME = AppIcon;
				CLANG_ENABLE_MODULES = YES;
				INFOPLIST_FILE = Replete/Info.plist;
				LD_RUNPATH_SEARCH_PATHS = "$(inherited) @executable_path/Frameworks";
				PRODUCT_NAME = "$(TARGET_NAME)";
				SWIFT_OBJC_BRIDGING_HEADER = "Replete/Replete-Bridging-Header.h";
				SWIFT_OPTIMIZATION_LEVEL = "-Onone";
				TARGETED_DEVICE_FAMILY = "1,2";
			};
			name = Debug;
		};
		ED06DC461B3F62E800100331 /* Release */ = {
			isa = XCBuildConfiguration;
			baseConfigurationReference = 20A0AE708C7C3592BDE9E85C /* Pods.release.xcconfig */;
			buildSettings = {
				ASSETCATALOG_COMPILER_APPICON_NAME = AppIcon;
				CLANG_ENABLE_MODULES = YES;
				INFOPLIST_FILE = Replete/Info.plist;
				LD_RUNPATH_SEARCH_PATHS = "$(inherited) @executable_path/Frameworks";
				PRODUCT_NAME = "$(TARGET_NAME)";
				SWIFT_OBJC_BRIDGING_HEADER = "Replete/Replete-Bridging-Header.h";
				TARGETED_DEVICE_FAMILY = "1,2";
			};
			name = Release;
		};
		ED06DC481B3F62E800100331 /* Debug */ = {
			isa = XCBuildConfiguration;
			buildSettings = {
				BUNDLE_LOADER = "$(TEST_HOST)";
				FRAMEWORK_SEARCH_PATHS = (
					"$(SDKROOT)/Developer/Library/Frameworks",
					"$(inherited)",
				);
				GCC_PREPROCESSOR_DEFINITIONS = (
					"DEBUG=1",
					"$(inherited)",
				);
				INFOPLIST_FILE = RepleteTests/Info.plist;
				LD_RUNPATH_SEARCH_PATHS = "$(inherited) @executable_path/Frameworks @loader_path/Frameworks";
				PRODUCT_NAME = "$(TARGET_NAME)";
				TEST_HOST = "$(BUILT_PRODUCTS_DIR)/Replete.app/Replete";
			};
			name = Debug;
		};
		ED06DC491B3F62E800100331 /* Release */ = {
			isa = XCBuildConfiguration;
			buildSettings = {
				BUNDLE_LOADER = "$(TEST_HOST)";
				FRAMEWORK_SEARCH_PATHS = (
					"$(SDKROOT)/Developer/Library/Frameworks",
					"$(inherited)",
				);
				INFOPLIST_FILE = RepleteTests/Info.plist;
				LD_RUNPATH_SEARCH_PATHS = "$(inherited) @executable_path/Frameworks @loader_path/Frameworks";
				PRODUCT_NAME = "$(TARGET_NAME)";
				TEST_HOST = "$(BUILT_PRODUCTS_DIR)/Replete.app/Replete";
			};
			name = Release;
		};
/* End XCBuildConfiguration section */

/* Begin XCConfigurationList section */
		ED06DC1C1B3F62E800100331 /* Build configuration list for PBXProject "Replete" */ = {
			isa = XCConfigurationList;
			buildConfigurations = (
				ED06DC421B3F62E800100331 /* Debug */,
				ED06DC431B3F62E800100331 /* Release */,
			);
			defaultConfigurationIsVisible = 0;
			defaultConfigurationName = Release;
		};
		ED06DC441B3F62E800100331 /* Build configuration list for PBXNativeTarget "Replete" */ = {
			isa = XCConfigurationList;
			buildConfigurations = (
				ED06DC451B3F62E800100331 /* Debug */,
				ED06DC461B3F62E800100331 /* Release */,
			);
			defaultConfigurationIsVisible = 0;
			defaultConfigurationName = Release;
		};
		ED06DC471B3F62E800100331 /* Build configuration list for PBXNativeTarget "RepleteTests" */ = {
			isa = XCConfigurationList;
			buildConfigurations = (
				ED06DC481B3F62E800100331 /* Debug */,
				ED06DC491B3F62E800100331 /* Release */,
			);
			defaultConfigurationIsVisible = 0;
			defaultConfigurationName = Release;
		};
/* End XCConfigurationList section */
	};
	rootObject = ED06DC191B3F62E800100331 /* Project object */;
}
